
Microsoft Visual Studio Solution File, Format Version 12.00
# Visual Studio 15
VisualStudioVersion = 15.0.27703.2042
MinimumVisualStudioVersion = 10.0.40219.1
Project("{FAE04EC0-301F-11D3-BF4B-00C04F79EFBC}") = "TestAlgorithm", "TestAlgorithm\TestAlgorithm.csproj", "{6D1E1692-F7A7-47A7-9B1E-286503A0C44A}"
EndProject
Global
	GlobalSection(SolutionConfigurationPlatforms) = preSolution
		Debug|Any CPU = Debug|Any CPU
		Release|Any CPU = Release|Any CPU
	EndGlobalSection
	GlobalSection(ProjectConfigurationPlatforms) = postSolution
		{6D1E1692-F7A7-47A7-9B1E-286503A0C44A}.Debug|Any CPU.ActiveCfg = Debug|Any CPU
		{6D1E1692-F7A7-47A7-9B1E-286503A0C44A}.Debug|Any CPU.Build.0 = Debug|Any CPU
		{6D1E1692-F7A7-47A7-9B1E-286503A0C44A}.Release|Any CPU.ActiveCfg = Release|Any CPU
		{6D1E1692-F7A7-47A7-9B1E-286503A0C44A}.Release|Any CPU.Build.0 = Release|Any CPU
	EndGlobalSection
	GlobalSection(SolutionProperties) = preSolution
		HideSolutionNode = FALSE
	EndGlobalSection
	GlobalSection(ExtensibilityGlobals) = postSolution
		SolutionGuid = {F3C13564-E45F-42E2-A21C-545F9C6D8CE2}
	EndGlobalSection
EndGlobal
